
Microsoft Visual Studio Solution File, Format Version 12.00
# Visual Studio Version 17
VisualStudioVersion = 17.12.35514.174
MinimumVisualStudioVersion = 10.0.40219.1
Project("{FAE04EC0-301F-11D3-BF4B-00C04F79EFBC}") = "1.1.AdvanceLinqQuery", "1.1.AdvanceLinqQuery\1.1.AdvanceLinqQuery.csproj", "{708D19A1-AFB2-451D-AB2F-F67524F82B60}"
EndProject
Project("{FAE04EC0-301F-11D3-BF4B-00C04F79EFBC}") = "2.1.Reflection", "2.1.Reflection\2.1.Reflection.csproj", "{4E8F1AD2-B4E8-4882-847C-7F461D4F5C4C}"
EndProject
Project("{FAE04EC0-301F-11D3-BF4B-00C04F79EFBC}") = "2.2.DynamicType", "2.2.DynamicType\2.2.DynamicType.csproj", "{31B5C64B-6FC7-493B-9811-3D0EEA4AA940}"
EndProject
Project("{FAE04EC0-301F-11D3-BF4B-00C04F79EFBC}") = "4.1.Multithreading", "4.1.Multithreading\4.1.Multithreading.csproj", "{9BE8F494-418B-4CCC-A97D-D5EC9F983FAE}"
EndProject
Project("{FAE04EC0-301F-11D3-BF4B-00C04F79EFBC}") = "4.2.ParralelPrograming", "4.2.ParralelPrograming\4.2.ParralelPrograming.csproj", "{8AE6FEDE-A041-40A3-A809-EC72ED4677CE}"
EndProject
Project("{FAE04EC0-301F-11D3-BF4B-00C04F79EFBC}") = "4.3.ThreadSafe", "4.3.ThreadSafe\4.3.ThreadSafe.csproj", "{FE7CFC69-BDB1-43E5-877B-DFF2773F6DF4}"
EndProject
Project("{FAE04EC0-301F-11D3-BF4B-00C04F79EFBC}") = "5.2.DesignPatterns", "5.2.DesignPatterns\5.2.DesignPatterns.csproj", "{E089940F-9757-4ADC-9E9A-880901C06ACE}"
EndProject
Project("{FAE04EC0-301F-11D3-BF4B-00C04F79EFBC}") = "5.3.StrategyPattern", "5.3.StrategyPattern\5.3.StrategyPattern.csproj", "{E416B0C2-31A8-4B4F-9D03-71FE81D57A44}"
EndProject
Project("{FAE04EC0-301F-11D3-BF4B-00C04F79EFBC}") = "Calculator", "Calculator\Calculator.csproj", "{0E31081E-455A-4651-8F03-C75EED4B3A91}"
EndProject
Project("{FAE04EC0-301F-11D3-BF4B-00C04F79EFBC}") = "6.1.UnitTesting", "6.1.UnitTesting\6.1.UnitTesting.csproj", "{0EBE66B2-4A55-4CE9-AB23-3787C6327B58}"
EndProject
Project("{FAE04EC0-301F-11D3-BF4B-00C04F79EFBC}") = "6.3.SampleTDDTests", "6.3.SampleTDDTests\6.3.SampleTDDTests.csproj", "{D038138E-0616-473D-9FBD-968FA8C883B1}"
EndProject
Project("{FAE04EC0-301F-11D3-BF4B-00C04F79EFBC}") = "7.2.CustomAttribute", "7.2.CustomAttribute\7.2.CustomAttribute.csproj", "{E49C66DA-3EA1-486D-9C9F-16E6294EEC95}"
EndProject
Project("{FAE04EC0-301F-11D3-BF4B-00C04F79EFBC}") = "7.3.ExpressionTree", "7.3.ExpressionTree\7.3.ExpressionTree.csproj", "{6AF915E3-814F-4F85-9F06-FB1EAB4BE0C0}"
EndProject
Global
	GlobalSection(SolutionConfigurationPlatforms) = preSolution
		Debug|Any CPU = Debug|Any CPU
		Release|Any CPU = Release|Any CPU
	EndGlobalSection
	GlobalSection(ProjectConfigurationPlatforms) = postSolution
		{708D19A1-AFB2-451D-AB2F-F67524F82B60}.Debug|Any CPU.ActiveCfg = Debug|Any CPU
		{708D19A1-AFB2-451D-AB2F-F67524F82B60}.Debug|Any CPU.Build.0 = Debug|Any CPU
		{708D19A1-AFB2-451D-AB2F-F67524F82B60}.Release|Any CPU.ActiveCfg = Release|Any CPU
		{708D19A1-AFB2-451D-AB2F-F67524F82B60}.Release|Any CPU.Build.0 = Release|Any CPU
		{4E8F1AD2-B4E8-4882-847C-7F461D4F5C4C}.Debug|Any CPU.ActiveCfg = Debug|Any CPU
		{4E8F1AD2-B4E8-4882-847C-7F461D4F5C4C}.Debug|Any CPU.Build.0 = Debug|Any CPU
		{4E8F1AD2-B4E8-4882-847C-7F461D4F5C4C}.Release|Any CPU.ActiveCfg = Release|Any CPU
		{4E8F1AD2-B4E8-4882-847C-7F461D4F5C4C}.Release|Any CPU.Build.0 = Release|Any CPU
		{31B5C64B-6FC7-493B-9811-3D0EEA4AA940}.Debug|Any CPU.ActiveCfg = Debug|Any CPU
		{31B5C64B-6FC7-493B-9811-3D0EEA4AA940}.Debug|Any CPU.Build.0 = Debug|Any CPU
		{31B5C64B-6FC7-493B-9811-3D0EEA4AA940}.Release|Any CPU.ActiveCfg = Release|Any CPU
		{31B5C64B-6FC7-493B-9811-3D0EEA4AA940}.Release|Any CPU.Build.0 = Release|Any CPU
		{9BE8F494-418B-4CCC-A97D-D5EC9F983FAE}.Debug|Any CPU.ActiveCfg = Debug|Any CPU
		{9BE8F494-418B-4CCC-A97D-D5EC9F983FAE}.Debug|Any CPU.Build.0 = Debug|Any CPU
		{9BE8F494-418B-4CCC-A97D-D5EC9F983FAE}.Release|Any CPU.ActiveCfg = Release|Any CPU
		{9BE8F494-418B-4CCC-A97D-D5EC9F983FAE}.Release|Any CPU.Build.0 = Release|Any CPU
		{8AE6FEDE-A041-40A3-A809-EC72ED4677CE}.Debug|Any CPU.ActiveCfg = Debug|Any CPU
		{8AE6FEDE-A041-40A3-A809-EC72ED4677CE}.Debug|Any CPU.Build.0 = Debug|Any CPU
		{8AE6FEDE-A041-40A3-A809-EC72ED4677CE}.Release|Any CPU.ActiveCfg = Release|Any CPU
		{8AE6FEDE-A041-40A3-A809-EC72ED4677CE}.Release|Any CPU.Build.0 = Release|Any CPU
		{FE7CFC69-BDB1-43E5-877B-DFF2773F6DF4}.Debug|Any CPU.ActiveCfg = Debug|Any CPU
		{FE7CFC69-BDB1-43E5-877B-DFF2773F6DF4}.Debug|Any CPU.Build.0 = Debug|Any CPU
		{FE7CFC69-BDB1-43E5-877B-DFF2773F6DF4}.Release|Any CPU.ActiveCfg = Release|Any CPU
		{FE7CFC69-BDB1-43E5-877B-DFF2773F6DF4}.Release|Any CPU.Build.0 = Release|Any CPU
		{E089940F-9757-4ADC-9E9A-880901C06ACE}.Debug|Any CPU.ActiveCfg = Debug|Any CPU
		{E089940F-9757-4ADC-9E9A-880901C06ACE}.Debug|Any CPU.Build.0 = Debug|Any CPU
		{E089940F-9757-4ADC-9E9A-880901C06ACE}.Release|Any CPU.ActiveCfg = Release|Any CPU
		{E089940F-9757-4ADC-9E9A-880901C06ACE}.Release|Any CPU.Build.0 = Release|Any CPU
		{E416B0C2-31A8-4B4F-9D03-71FE81D57A44}.Debug|Any CPU.ActiveCfg = Debug|Any CPU
		{E416B0C2-31A8-4B4F-9D03-71FE81D57A44}.Debug|Any CPU.Build.0 = Debug|Any CPU
		{E416B0C2-31A8-4B4F-9D03-71FE81D57A44}.Release|Any CPU.ActiveCfg = Release|Any CPU
		{E416B0C2-31A8-4B4F-9D03-71FE81D57A44}.Release|Any CPU.Build.0 = Release|Any CPU
		{0E31081E-455A-4651-8F03-C75EED4B3A91}.Debug|Any CPU.ActiveCfg = Debug|Any CPU
		{0E31081E-455A-4651-8F03-C75EED4B3A91}.Debug|Any CPU.Build.0 = Debug|Any CPU
		{0E31081E-455A-4651-8F03-C75EED4B3A91}.Release|Any CPU.ActiveCfg = Release|Any CPU
		{0E31081E-455A-4651-8F03-C75EED4B3A91}.Release|Any CPU.Build.0 = Release|Any CPU
		{0EBE66B2-4A55-4CE9-AB23-3787C6327B58}.Debug|Any CPU.ActiveCfg = Debug|Any CPU
		{0EBE66B2-4A55-4CE9-AB23-3787C6327B58}.Debug|Any CPU.Build.0 = Debug|Any CPU
		{0EBE66B2-4A55-4CE9-AB23-3787C6327B58}.Release|Any CPU.ActiveCfg = Release|Any CPU
		{0EBE66B2-4A55-4CE9-AB23-3787C6327B58}.Release|Any CPU.Build.0 = Release|Any CPU
		{D038138E-0616-473D-9FBD-968FA8C883B1}.Debug|Any CPU.ActiveCfg = Debug|Any CPU
		{D038138E-0616-473D-9FBD-968FA8C883B1}.Debug|Any CPU.Build.0 = Debug|Any CPU
		{D038138E-0616-473D-9FBD-968FA8C883B1}.Release|Any CPU.ActiveCfg = Release|Any CPU
		{D038138E-0616-473D-9FBD-968FA8C883B1}.Release|Any CPU.Build.0 = Release|Any CPU
		{E49C66DA-3EA1-486D-9C9F-16E6294EEC95}.Debug|Any CPU.ActiveCfg = Debug|Any CPU
		{E49C66DA-3EA1-486D-9C9F-16E6294EEC95}.Debug|Any CPU.Build.0 = Debug|Any CPU
		{E49C66DA-3EA1-486D-9C9F-16E6294EEC95}.Release|Any CPU.ActiveCfg = Release|Any CPU
		{E49C66DA-3EA1-486D-9C9F-16E6294EEC95}.Release|Any CPU.Build.0 = Release|Any CPU
		{6AF915E3-814F-4F85-9F06-FB1EAB4BE0C0}.Debug|Any CPU.ActiveCfg = Debug|Any CPU
		{6AF915E3-814F-4F85-9F06-FB1EAB4BE0C0}.Debug|Any CPU.Build.0 = Debug|Any CPU
		{6AF915E3-814F-4F85-9F06-FB1EAB4BE0C0}.Release|Any CPU.ActiveCfg = Release|Any CPU
		{6AF915E3-814F-4F85-9F06-FB1EAB4BE0C0}.Release|Any CPU.Build.0 = Release|Any CPU
	EndGlobalSection
	GlobalSection(SolutionProperties) = preSolution
		HideSolutionNode = FALSE
	EndGlobalSection
EndGlobal
